{
  "name": "threejs_boilerplate",
  "version": "1.0.0",
  "lockfileVersion": 1,
  "requires": true,
  "dependencies": {
    "@popperjs/core": {
      "version": "2.5.4",
      "resolved": "https://registry.npmjs.org/@popperjs/core/-/core-2.5.4.tgz",
      "integrity": "sha512-ZpKr+WTb8zsajqgDkvCEWgp6d5eJT6Q63Ng2neTbzBO76Lbe91vX/iVIW9dikq+Fs3yEo+ls4cxeXABD2LtcbQ==",
      "dev": true
    },
    "tippy.js": {
      "version": "6.2.7",
      "resolved": "https://registry.npmjs.org/tippy.js/-/tippy.js-6.2.7.tgz",
      "integrity": "sha512-k+kWF9AJz5xLQHBi3K/XlmJiyu+p9gsCyc5qZhxxGaJWIW8SMjw1R+C7saUnP33IM8gUhDA2xX//ejRSwqR0tA==",
      "dev": true,
      "requires": {
        "@popperjs/core": "^2.4.4"
      }
    }
  }
}
